
Microsoft Visual Studio Solution File, Format Version 12.00
# Visual Studio Version 16
VisualStudioVersion = 16.0.31402.337
MinimumVisualStudioVersion = 10.0.40219.1
Project("{FAE04EC0-301F-11D3-BF4B-00C04F79EFBC}") = "FromSqlToExcel.EntityFrameworkCore", "FromSqlToExcel.EntityFrameworkCore\FromSqlToExcel.EntityFrameworkCore.csproj", "{8538487F-EF15-498A-8014-56E5A144925E}"
EndProject
Global
	GlobalSection(SolutionConfigurationPlatforms) = preSolution
		Debug|Any CPU = Debug|Any CPU
		Release|Any CPU = Release|Any CPU
	EndGlobalSection
	GlobalSection(ProjectConfigurationPlatforms) = postSolution
		{8538487F-EF15-498A-8014-56E5A144925E}.Debug|Any CPU.ActiveCfg = Debug|Any CPU
		{8538487F-EF15-498A-8014-56E5A144925E}.Debug|Any CPU.Build.0 = Debug|Any CPU
		{8538487F-EF15-498A-8014-56E5A144925E}.Release|Any CPU.ActiveCfg = Release|Any CPU
		{8538487F-EF15-498A-8014-56E5A144925E}.Release|Any CPU.Build.0 = Release|Any CPU
	EndGlobalSection
	GlobalSection(SolutionProperties) = preSolution
		HideSolutionNode = FALSE
	EndGlobalSection
	GlobalSection(ExtensibilityGlobals) = postSolution
		SolutionGuid = {D139CB7F-D66B-42FF-B445-6E63822ADFFF}
	EndGlobalSection
EndGlobal
